{
    "_readme": [
        "This file locks the dependencies of your project to a known state",
        "Read more about it at https://getcomposer.org/doc/01-basic-usage.md#installing-dependencies",
        "This file is @generated automatically"
    ],
    "content-hash": "d7449468242c13bfe1245093016ba30e",
    "packages": [
        {
            "name": "wpscholar/url",
            "version": "1.1.1",
            "source": {
                "type": "git",
                "url": "https://github.com/wpscholar/url.git",
                "reference": "17b99f0cafe6b27411e1a2a36f889d03f2de77d9"
            },
            "dist": {
                "type": "zip",
                "url": "https://api.github.com/repos/wpscholar/url/zipball/17b99f0cafe6b27411e1a2a36f889d03f2de77d9",
                "reference": "17b99f0cafe6b27411e1a2a36f889d03f2de77d9",
                "shasum": ""
            },
            "type": "library",
            "autoload": {
                "psr-4": {
                    "wpscholar\\": ""
                }
            },
            "notification-url": "https://packagist.org/downloads/",
            "license": [
                "GPL-2.0+"
            ],
            "authors": [
                {
                    "name": "Micah Wood",
                    "email": "micah@wpscholar.com",
                    "homepage": "http://wpscholar.com"
                }
            ],
            "description": "A PHP class for parsing and manipulating URLs.",
            "time": "2017-04-19T15:59:18+00:00"
        }
    ],
    "packages-dev": [],
    "aliases": [],
    "minimum-stability": "stable",
    "stability-flags": [],
    "prefer-stable": false,
    "prefer-lowest": false,
    "platform": [],
    "platform-dev": []
}
